
Microsoft Visual Studio Solution File, Format Version 12.00
# Visual Studio Version 16
VisualStudioVersion = 16.0.29613.14
MinimumVisualStudioVersion = 10.0.40219.1
Project("{FAE04EC0-301F-11D3-BF4B-00C04F79EFBC}") = "PollyTutorial", "PollyTutorial\PollyTutorial.csproj", "{4BDD821B-A051-4280-B040-2204EBD0A9C4}"
EndProject
Project("{FAE04EC0-301F-11D3-BF4B-00C04F79EFBC}") = "PollyTutorial.UnitTests", "PollyTutorial.UnitTests\PollyTutorial.UnitTests.csproj", "{22400568-40E5-402D-8B2E-60A15EA2470F}"
EndProject
Global
	GlobalSection(SolutionConfigurationPlatforms) = preSolution
		Debug|Any CPU = Debug|Any CPU
		Release|Any CPU = Release|Any CPU
	EndGlobalSection
	GlobalSection(ProjectConfigurationPlatforms) = postSolution
		{4BDD821B-A051-4280-B040-2204EBD0A9C4}.Debug|Any CPU.ActiveCfg = Debug|Any CPU
		{4BDD821B-A051-4280-B040-2204EBD0A9C4}.Debug|Any CPU.Build.0 = Debug|Any CPU
		{4BDD821B-A051-4280-B040-2204EBD0A9C4}.Release|Any CPU.ActiveCfg = Release|Any CPU
		{4BDD821B-A051-4280-B040-2204EBD0A9C4}.Release|Any CPU.Build.0 = Release|Any CPU
		{22400568-40E5-402D-8B2E-60A15EA2470F}.Debug|Any CPU.ActiveCfg = Debug|Any CPU
		{22400568-40E5-402D-8B2E-60A15EA2470F}.Debug|Any CPU.Build.0 = Debug|Any CPU
		{22400568-40E5-402D-8B2E-60A15EA2470F}.Release|Any CPU.ActiveCfg = Release|Any CPU
		{22400568-40E5-402D-8B2E-60A15EA2470F}.Release|Any CPU.Build.0 = Release|Any CPU
	EndGlobalSection
	GlobalSection(SolutionProperties) = preSolution
		HideSolutionNode = FALSE
	EndGlobalSection
	GlobalSection(ExtensibilityGlobals) = postSolution
		SolutionGuid = {1EF36A55-14E4-45AB-B2DD-B90910FDB675}
	EndGlobalSection
EndGlobal
